// !$*UTF8*$!
{
	archiveVersion = 1;
	classes = {
	};
	objectVersion = 55;
	objects = {

/* Begin PBXBuildFile section */
		6A2089E42816E2A9003D54AB /* AppDelegate.swift in Sources */ = {isa = PBXBuildFile; fileRef = 6A2089E32816E2A9003D54AB /* AppDelegate.swift */; };
		6A2089E62816E2A9003D54AB /* SceneDelegate.swift in Sources */ = {isa = PBXBuildFile; fileRef = 6A2089E52816E2A9003D54AB /* SceneDelegate.swift */; };
		6A2089ED2816E2AE003D54AB /* Assets.xcassets in Resources */ = {isa = PBXBuildFile; fileRef = 6A2089EC2816E2AE003D54AB /* Assets.xcassets */; };
		6A2089F02816E2AE003D54AB /* LaunchScreen.storyboard in Resources */ = {isa = PBXBuildFile; fileRef = 6A2089EE2816E2AE003D54AB /* LaunchScreen.storyboard */; };
		6A2089FC2816EC48003D54AB /* MovieListService.swift in Sources */ = {isa = PBXBuildFile; fileRef = 6A2089FB2816EC48003D54AB /* MovieListService.swift */; };
		6A2089FF2816ECAC003D54AB /* MovieListViewModel.swift in Sources */ = {isa = PBXBuildFile; fileRef = 6A2089FE2816ECAC003D54AB /* MovieListViewModel.swift */; };
		6A208A022816ED75003D54AB /* MovieListViewController.swift in Sources */ = {isa = PBXBuildFile; fileRef = 6A208A012816ED75003D54AB /* MovieListViewController.swift */; };
		6A208A042816EE6F003D54AB /* MovieTableViewCell.swift in Sources */ = {isa = PBXBuildFile; fileRef = 6A208A032816EE6F003D54AB /* MovieTableViewCell.swift */; };
		6A208A082816EFE6003D54AB /* MovieDetailViewModel.swift in Sources */ = {isa = PBXBuildFile; fileRef = 6A208A072816EFE6003D54AB /* MovieDetailViewModel.swift */; };
		6A208A0B2816F075003D54AB /* MovieDetailService.swift in Sources */ = {isa = PBXBuildFile; fileRef = 6A208A0A2816F075003D54AB /* MovieDetailService.swift */; };
		6A208A0E2816F0CB003D54AB /* MovieDetailViewController.swift in Sources */ = {isa = PBXBuildFile; fileRef = 6A208A0D2816F0CB003D54AB /* MovieDetailViewController.swift */; };
		6A208A112816F3B9003D54AB /* UIImageView+Extension.swift in Sources */ = {isa = PBXBuildFile; fileRef = 6A208A102816F3B9003D54AB /* UIImageView+Extension.swift */; };
		6A208A152816F45E003D54AB /* Movie.swift in Sources */ = {isa = PBXBuildFile; fileRef = 6A208A142816F45E003D54AB /* Movie.swift */; };
		6A208A172816F519003D54AB /* MovieResponse.swift in Sources */ = {isa = PBXBuildFile; fileRef = 6A208A162816F519003D54AB /* MovieResponse.swift */; };
		6A208A192816F540003D54AB /* MovieInfo.swift in Sources */ = {isa = PBXBuildFile; fileRef = 6A208A182816F540003D54AB /* MovieInfo.swift */; };
		6A208A1C28171B30003D54AB /* ApiManager.swift in Sources */ = {isa = PBXBuildFile; fileRef = 6A208A1B28171B30003D54AB /* ApiManager.swift */; };
		6A208A1E28171B5C003D54AB /* Constants.swift in Sources */ = {isa = PBXBuildFile; fileRef = 6A208A1D28171B5C003D54AB /* Constants.swift */; };
		7C50ABA03F872CCF59A0504C /* Pods_TMDB_Challenge.framework in Frameworks */ = {isa = PBXBuildFile; fileRef = 6DF12B7F849D2FAB3A343B5F /* Pods_TMDB_Challenge.framework */; };
/* End PBXBuildFile section */

/* Begin PBXFileReference section */
		6A2089E02816E2A9003D54AB /* TMDB Challenge.app */ = {isa = PBXFileReference; explicitFileType = wrapper.application; includeInIndex = 0; path = "TMDB Challenge.app"; sourceTree = BUILT_PRODUCTS_DIR; };
		6A2089E32816E2A9003D54AB /* AppDelegate.swift */ = {isa = PBXFileReference; lastKnownFileType = sourcecode.swift; path = AppDelegate.swift; sourceTree = "<group>"; };
		6A2089E52816E2A9003D54AB /* SceneDelegate.swift */ = {isa = PBXFileReference; lastKnownFileType = sourcecode.swift; path = SceneDelegate.swift; sourceTree = "<group>"; };
		6A2089EC2816E2AE003D54AB /* Assets.xcassets */ = {isa = PBXFileReference; lastKnownFileType = folder.assetcatalog; path = Assets.xcassets; sourceTree = "<group>"; };
		6A2089EF2816E2AE003D54AB /* Base */ = {isa = PBXFileReference; lastKnownFileType = file.storyboard; name = Base; path = Base.lproj/LaunchScreen.storyboard; sourceTree = "<group>"; };
		6A2089F12816E2AE003D54AB /* Info.plist */ = {isa = PBXFileReference; lastKnownFileType = text.plist.xml; path = Info.plist; sourceTree = "<group>"; };
		6A2089FB2816EC48003D54AB /* MovieListService.swift */ = {isa = PBXFileReference; lastKnownFileType = sourcecode.swift; path = MovieListService.swift; sourceTree = "<group>"; };
		6A2089FE2816ECAC003D54AB /* MovieListViewModel.swift */ = {isa = PBXFileReference; lastKnownFileType = sourcecode.swift; path = MovieListViewModel.swift; sourceTree = "<group>"; };
		6A208A012816ED75003D54AB /* MovieListViewController.swift */ = {isa = PBXFileReference; lastKnownFileType = sourcecode.swift; path = MovieListViewController.swift; sourceTree = "<group>"; };
		6A208A032816EE6F003D54AB /* MovieTableViewCell.swift */ = {isa = PBXFileReference; lastKnownFileType = sourcecode.swift; path = MovieTableViewCell.swift; sourceTree = "<group>"; };
		6A208A072816EFE6003D54AB /* MovieDetailViewModel.swift */ = {isa = PBXFileReference; lastKnownFileType = sourcecode.swift; path = MovieDetailViewModel.swift; sourceTree = "<group>"; };
		6A208A0A2816F075003D54AB /* MovieDetailService.swift */ = {isa = PBXFileReference; lastKnownFileType = sourcecode.swift; path = MovieDetailService.swift; sourceTree = "<group>"; };
		6A208A0D2816F0CB003D54AB /* MovieDetailViewController.swift */ = {isa = PBXFileReference; lastKnownFileType = sourcecode.swift; path = MovieDetailViewController.swift; sourceTree = "<group>"; };
		6A208A102816F3B9003D54AB /* UIImageView+Extension.swift */ = {isa = PBXFileReference; lastKnownFileType = sourcecode.swift; path = "UIImageView+Extension.swift"; sourceTree = "<group>"; };
		6A208A142816F45E003D54AB /* Movie.swift */ = {isa = PBXFileReference; lastKnownFileType = sourcecode.swift; path = Movie.swift; sourceTree = "<group>"; };
		6A208A162816F519003D54AB /* MovieResponse.swift */ = {isa = PBXFileReference; lastKnownFileType = sourcecode.swift; path = MovieResponse.swift; sourceTree = "<group>"; };
		6A208A182816F540003D54AB /* MovieInfo.swift */ = {isa = PBXFileReference; lastKnownFileType = sourcecode.swift; path = MovieInfo.swift; sourceTree = "<group>"; };
		6A208A1B28171B30003D54AB /* ApiManager.swift */ = {isa = PBXFileReference; lastKnownFileType = sourcecode.swift; path = ApiManager.swift; sourceTree = "<group>"; };
		6A208A1D28171B5C003D54AB /* Constants.swift */ = {isa = PBXFileReference; lastKnownFileType = sourcecode.swift; path = Constants.swift; sourceTree = "<group>"; };
		6DF12B7F849D2FAB3A343B5F /* Pods_TMDB_Challenge.framework */ = {isa = PBXFileReference; explicitFileType = wrapper.framework; includeInIndex = 0; path = Pods_TMDB_Challenge.framework; sourceTree = BUILT_PRODUCTS_DIR; };
		A4A35E904B3B32AA1E0F30D8 /* Pods-TMDB Challenge.debug.xcconfig */ = {isa = PBXFileReference; includeInIndex = 1; lastKnownFileType = text.xcconfig; name = "Pods-TMDB Challenge.debug.xcconfig"; path = "Target Support Files/Pods-TMDB Challenge/Pods-TMDB Challenge.debug.xcconfig"; sourceTree = "<group>"; };
		BE61A457C82B0E3C88A7F938 /* Pods-TMDB Challenge.release.xcconfig */ = {isa = PBXFileReference; includeInIndex = 1; lastKnownFileType = text.xcconfig; name = "Pods-TMDB Challenge.release.xcconfig"; path = "Target Support Files/Pods-TMDB Challenge/Pods-TMDB Challenge.release.xcconfig"; sourceTree = "<group>"; };
/* End PBXFileReference section */

/* Begin PBXFrameworksBuildPhase section */
		6A2089DD2816E2A9003D54AB /* Frameworks */ = {
			isa = PBXFrameworksBuildPhase;
			buildActionMask = 2147483647;
			files = (
				7C50ABA03F872CCF59A0504C /* Pods_TMDB_Challenge.framework in Frameworks */,
			);
			runOnlyForDeploymentPostprocessing = 0;
		};
/* End PBXFrameworksBuildPhase section */

/* Begin PBXGroup section */
		241ED3C0A621144542F5E489 /* Pods */ = {
			isa = PBXGroup;
			children = (
				A4A35E904B3B32AA1E0F30D8 /* Pods-TMDB Challenge.debug.xcconfig */,
				BE61A457C82B0E3C88A7F938 /* Pods-TMDB Challenge.release.xcconfig */,
			);
			path = Pods;
			sourceTree = "<group>";
		};
		6A2089D72816E2A9003D54AB = {
			isa = PBXGroup;
			children = (
				6A2089E22816E2A9003D54AB /* TMDB Challenge */,
				6A2089E12816E2A9003D54AB /* Products */,
				241ED3C0A621144542F5E489 /* Pods */,
				8A00C6785B580A7953D60B83 /* Frameworks */,
			);
			sourceTree = "<group>";
		};
		6A2089E12816E2A9003D54AB /* Products */ = {
			isa = PBXGroup;
			children = (
				6A2089E02816E2A9003D54AB /* TMDB Challenge.app */,
			);
			name = Products;
			sourceTree = "<group>";
		};
		6A2089E22816E2A9003D54AB /* TMDB Challenge */ = {
			isa = PBXGroup;
			children = (
				6A2089F72816EBE0003D54AB /* App */,
				6A2089E32816E2A9003D54AB /* AppDelegate.swift */,
				6A2089E52816E2A9003D54AB /* SceneDelegate.swift */,
				6A2089EC2816E2AE003D54AB /* Assets.xcassets */,
				6A2089EE2816E2AE003D54AB /* LaunchScreen.storyboard */,
				6A2089F12816E2AE003D54AB /* Info.plist */,
			);
			path = "TMDB Challenge";
			sourceTree = "<group>";
		};
		6A2089F72816EBE0003D54AB /* App */ = {
			isa = PBXGroup;
			children = (
				6A2089F82816EC01003D54AB /* Modules */,
			);
			path = App;
			sourceTree = "<group>";
		};
		6A2089F82816EC01003D54AB /* Modules */ = {
			isa = PBXGroup;
			children = (
				6A208A052816EFBA003D54AB /* MovieDetail */,
				6A2089F92816EC16003D54AB /* MovieList */,
				6A208A0F2816F399003D54AB /* Utils */,
				6A208A122816F3D9003D54AB /* Shared */,
			);
			path = Modules;
			sourceTree = "<group>";
		};
		6A2089F92816EC16003D54AB /* MovieList */ = {
			isa = PBXGroup;
			children = (
				6A2089FA2816EC27003D54AB /* Service */,
				6A2089FD2816EC95003D54AB /* ViewModel */,
				6A208A002816ED49003D54AB /* View */,
			);
			path = MovieList;
			sourceTree = "<group>";
		};
		6A2089FA2816EC27003D54AB /* Service */ = {
			isa = PBXGroup;
			children = (
				6A2089FB2816EC48003D54AB /* MovieListService.swift */,
			);
			path = Service;
			sourceTree = "<group>";
		};
		6A2089FD2816EC95003D54AB /* ViewModel */ = {
			isa = PBXGroup;
			children = (
				6A2089FE2816ECAC003D54AB /* MovieListViewModel.swift */,
			);
			path = ViewModel;
			sourceTree = "<group>";
		};
		6A208A002816ED49003D54AB /* View */ = {
			isa = PBXGroup;
			children = (
				6A208A012816ED75003D54AB /* MovieListViewController.swift */,
				6A208A032816EE6F003D54AB /* MovieTableViewCell.swift */,
			);
			path = View;
			sourceTree = "<group>";
		};
		6A208A052816EFBA003D54AB /* MovieDetail */ = {
			isa = PBXGroup;
			children = (
				6A208A062816EFC9003D54AB /* ViewModel */,
				6A208A092816F05D003D54AB /* Service */,
				6A208A0C2816F0B6003D54AB /* View */,
			);
			path = MovieDetail;
			sourceTree = "<group>";
		};
		6A208A062816EFC9003D54AB /* ViewModel */ = {
			isa = PBXGroup;
			children = (
				6A208A072816EFE6003D54AB /* MovieDetailViewModel.swift */,
			);
			path = ViewModel;
			sourceTree = "<group>";
		};
		6A208A092816F05D003D54AB /* Service */ = {
			isa = PBXGroup;
			children = (
				6A208A0A2816F075003D54AB /* MovieDetailService.swift */,
			);
			path = Service;
			sourceTree = "<group>";
		};
		6A208A0C2816F0B6003D54AB /* View */ = {
			isa = PBXGroup;
			children = (
				6A208A0D2816F0CB003D54AB /* MovieDetailViewController.swift */,
			);
			path = View;
			sourceTree = "<group>";
		};
		6A208A0F2816F399003D54AB /* Utils */ = {
			isa = PBXGroup;
			children = (
				6A208A102816F3B9003D54AB /* UIImageView+Extension.swift */,
			);
			path = Utils;
			sourceTree = "<group>";
		};
		6A208A122816F3D9003D54AB /* Shared */ = {
			isa = PBXGroup;
			children = (
				6A208A132816F450003D54AB /* Models */,
				6A208A1A28171B20003D54AB /* Networking */,
				6A208A1D28171B5C003D54AB /* Constants.swift */,
			);
			path = Shared;
			sourceTree = "<group>";
		};
		6A208A132816F450003D54AB /* Models */ = {
			isa = PBXGroup;
			children = (
				6A208A142816F45E003D54AB /* Movie.swift */,
				6A208A162816F519003D54AB /* MovieResponse.swift */,
				6A208A182816F540003D54AB /* MovieInfo.swift */,
			);
			path = Models;
			sourceTree = "<group>";
		};
		6A208A1A28171B20003D54AB /* Networking */ = {
			isa = PBXGroup;
			children = (
				6A208A1B28171B30003D54AB /* ApiManager.swift */,
			);
			path = Networking;
			sourceTree = "<group>";
		};
		8A00C6785B580A7953D60B83 /* Frameworks */ = {
			isa = PBXGroup;
			children = (
				6DF12B7F849D2FAB3A343B5F /* Pods_TMDB_Challenge.framework */,
			);
			name = Frameworks;
			sourceTree = "<group>";
		};
/* End PBXGroup section */

/* Begin PBXNativeTarget section */
		6A2089DF2816E2A9003D54AB /* TMDB Challenge */ = {
			isa = PBXNativeTarget;
			buildConfigurationList = 6A2089F42816E2AE003D54AB /* Build configuration list for PBXNativeTarget "TMDB Challenge" */;
			buildPhases = (
				3EC0605785BB68624C39BF30 /* [CP] Check Pods Manifest.lock */,
				6A2089DC2816E2A9003D54AB /* Sources */,
				6A2089DD2816E2A9003D54AB /* Frameworks */,
				6A2089DE2816E2A9003D54AB /* Resources */,
				E9DD9E65F15154C0454CA639 /* [CP] Embed Pods Frameworks */,
			);
			buildRules = (
			);
			dependencies = (
			);
			name = "TMDB Challenge";
			productName = "TMDB Challenge";
			productReference = 6A2089E02816E2A9003D54AB /* TMDB Challenge.app */;
			productType = "com.apple.product-type.application";
		};
/* End PBXNativeTarget section */

/* Begin PBXProject section */
		6A2089D82816E2A9003D54AB /* Project object */ = {
			isa = PBXProject;
			attributes = {
				BuildIndependentTargetsInParallel = 1;
				LastSwiftUpdateCheck = 1330;
				LastUpgradeCheck = 1330;
				TargetAttributes = {
					6A2089DF2816E2A9003D54AB = {
						CreatedOnToolsVersion = 13.3.1;
					};
				};
			};
			buildConfigurationList = 6A2089DB2816E2A9003D54AB /* Build configuration list for PBXProject "TMDB Challenge" */;
			compatibilityVersion = "Xcode 13.0";
			developmentRegion = en;
			hasScannedForEncodings = 0;
			knownRegions = (
				en,
				Base,
			);
			mainGroup = 6A2089D72816E2A9003D54AB;
			productRefGroup = 6A2089E12816E2A9003D54AB /* Products */;
			projectDirPath = "";
			projectRoot = "";
			targets = (
				6A2089DF2816E2A9003D54AB /* TMDB Challenge */,
			);
		};
/* End PBXProject section */

/* Begin PBXResourcesBuildPhase section */
		6A2089DE2816E2A9003D54AB /* Resources */ = {
			isa = PBXResourcesBuildPhase;
			buildActionMask = 2147483647;
			files = (
				6A2089F02816E2AE003D54AB /* LaunchScreen.storyboard in Resources */,
				6A2089ED2816E2AE003D54AB /* Assets.xcassets in Resources */,
			);
			runOnlyForDeploymentPostprocessing = 0;
		};
/* End PBXResourcesBuildPhase section */

/* Begin PBXShellScriptBuildPhase section */
		3EC0605785BB68624C39BF30 /* [CP] Check Pods Manifest.lock */ = {
			isa = PBXShellScriptBuildPhase;
			buildActionMask = 2147483647;
			files = (
			);
			inputFileListPaths = (
			);
			inputPaths = (
				"${PODS_PODFILE_DIR_PATH}/Podfile.lock",
				"${PODS_ROOT}/Manifest.lock",
			);
			name = "[CP] Check Pods Manifest.lock";
			outputFileListPaths = (
			);
			outputPaths = (
				"$(DERIVED_FILE_DIR)/Pods-TMDB Challenge-checkManifestLockResult.txt",
			);
			runOnlyForDeploymentPostprocessing = 0;
			shellPath = /bin/sh;
			shellScript = "diff \"${PODS_PODFILE_DIR_PATH}/Podfile.lock\" \"${PODS_ROOT}/Manifest.lock\" > /dev/null\nif [ $? != 0 ] ; then\n    # print error to STDERR\n    echo \"error: The sandbox is not in sync with the Podfile.lock. Run 'pod install' or update your CocoaPods installation.\" >&2\n    exit 1\nfi\n# This output is used by Xcode 'outputs' to avoid re-running this script phase.\necho \"SUCCESS\" > \"${SCRIPT_OUTPUT_FILE_0}\"\n";
			showEnvVarsInLog = 0;
		};
		E9DD9E65F15154C0454CA639 /* [CP] Embed Pods Frameworks */ = {
			isa = PBXShellScriptBuildPhase;
			buildActionMask = 2147483647;
			files = (
			);
			inputFileListPaths = (
				"${PODS_ROOT}/Target Support Files/Pods-TMDB Challenge/Pods-TMDB Challenge-frameworks-${CONFIGURATION}-input-files.xcfilelist",
			);
			name = "[CP] Embed Pods Frameworks";
			outputFileListPaths = (
				"${PODS_ROOT}/Target Support Files/Pods-TMDB Challenge/Pods-TMDB Challenge-frameworks-${CONFIGURATION}-output-files.xcfilelist",
			);
			runOnlyForDeploymentPostprocessing = 0;
			shellPath = /bin/sh;
			shellScript = "\"${PODS_ROOT}/Target Support Files/Pods-TMDB Challenge/Pods-TMDB Challenge-frameworks.sh\"\n";
			showEnvVarsInLog = 0;
		};
/* End PBXShellScriptBuildPhase section */

/* Begin PBXSourcesBuildPhase section */
		6A2089DC2816E2A9003D54AB /* Sources */ = {
			isa = PBXSourcesBuildPhase;
			buildActionMask = 2147483647;
			files = (
				6A208A112816F3B9003D54AB /* UIImageView+Extension.swift in Sources */,
				6A2089E42816E2A9003D54AB /* AppDelegate.swift in Sources */,
				6A208A022816ED75003D54AB /* MovieListViewController.swift in Sources */,
				6A208A042816EE6F003D54AB /* MovieTableViewCell.swift in Sources */,
				6A2089E62816E2A9003D54AB /* SceneDelegate.swift in Sources */,
				6A208A1E28171B5C003D54AB /* Constants.swift in Sources */,
				6A2089FC2816EC48003D54AB /* MovieListService.swift in Sources */,
				6A208A082816EFE6003D54AB /* MovieDetailViewModel.swift in Sources */,
				6A2089FF2816ECAC003D54AB /* MovieListViewModel.swift in Sources */,
				6A208A192816F540003D54AB /* MovieInfo.swift in Sources */,
				6A208A0E2816F0CB003D54AB /* MovieDetailViewController.swift in Sources */,
				6A208A1C28171B30003D54AB /* ApiManager.swift in Sources */,
				6A208A172816F519003D54AB /* MovieResponse.swift in Sources */,
				6A208A152816F45E003D54AB /* Movie.swift in Sources */,
				6A208A0B2816F075003D54AB /* MovieDetailService.swift in Sources */,
			);
			runOnlyForDeploymentPostprocessing = 0;
		};
/* End PBXSourcesBuildPhase section */

/* Begin PBXVariantGroup section */
		6A2089EE2816E2AE003D54AB /* LaunchScreen.storyboard */ = {
			isa = PBXVariantGroup;
			children = (
				6A2089EF2816E2AE003D54AB /* Base */,
			);
			name = LaunchScreen.storyboard;
			sourceTree = "<group>";
		};
/* End PBXVariantGroup section */

/* Begin XCBuildConfiguration section */
		6A2089F22816E2AE003D54AB /* Debug */ = {
			isa = XCBuildConfiguration;
			buildSettings = {
				ALWAYS_SEARCH_USER_PATHS = NO;
				CLANG_ANALYZER_NONNULL = YES;
				CLANG_ANALYZER_NUMBER_OBJECT_CONVERSION = YES_AGGRESSIVE;
				CLANG_CXX_LANGUAGE_STANDARD = "gnu++17";
				CLANG_ENABLE_MODULES = YES;
				CLANG_ENABLE_OBJC_ARC = YES;
				CLANG_ENABLE_OBJC_WEAK = YES;
				CLANG_WARN_BLOCK_CAPTURE_AUTORELEASING = YES;
				CLANG_WARN_BOOL_CONVERSION = YES;
				CLANG_WARN_COMMA = YES;
				CLANG_WARN_CONSTANT_CONVERSION = YES;
				CLANG_WARN_DEPRECATED_OBJC_IMPLEMENTATIONS = YES;
				CLANG_WARN_DIRECT_OBJC_ISA_USAGE = YES_ERROR;
				CLANG_WARN_DOCUMENTATION_COMMENTS = YES;
				CLANG_WARN_EMPTY_BODY = YES;
				CLANG_WARN_ENUM_CONVERSION = YES;
				CLANG_WARN_INFINITE_RECURSION = YES;
				CLANG_WARN_INT_CONVERSION = YES;
				CLANG_WARN_NON_LITERAL_NULL_CONVERSION = YES;
				CLANG_WARN_OBJC_IMPLICIT_RETAIN_SELF = YES;
				CLANG_WARN_OBJC_LITERAL_CONVERSION = YES;
				CLANG_WARN_OBJC_ROOT_CLASS = YES_ERROR;
				CLANG_WARN_QUOTED_INCLUDE_IN_FRAMEWORK_HEADER = YES;
				CLANG_WARN_RANGE_LOOP_ANALYSIS = YES;
				CLANG_WARN_STRICT_PROTOTYPES = YES;
				CLANG_WARN_SUSPICIOUS_MOVE = YES;
				CLANG_WARN_UNGUARDED_AVAILABILITY = YES_AGGRESSIVE;
				CLANG_WARN_UNREACHABLE_CODE = YES;
				CLANG_WARN__DUPLICATE_METHOD_MATCH = YES;
				COPY_PHASE_STRIP = NO;
				DEBUG_INFORMATION_FORMAT = dwarf;
				ENABLE_STRICT_OBJC_MSGSEND = YES;
				ENABLE_TESTABILITY = YES;
				GCC_C_LANGUAGE_STANDARD = gnu11;
				GCC_DYNAMIC_NO_PIC = NO;
				GCC_NO_COMMON_BLOCKS = YES;
				GCC_OPTIMIZATION_LEVEL = 0;
				GCC_PREPROCESSOR_DEFINITIONS = (
					"DEBUG=1",
					"$(inherited)",
				);
				GCC_WARN_64_TO_32_BIT_CONVERSION = YES;
				GCC_WARN_ABOUT_RETURN_TYPE = YES_ERROR;
				GCC_WARN_UNDECLARED_SELECTOR = YES;
				GCC_WARN_UNINITIALIZED_AUTOS = YES_AGGRESSIVE;
				GCC_WARN_UNUSED_FUNCTION = YES;
				GCC_WARN_UNUSED_VARIABLE = YES;
				IPHONEOS_DEPLOYMENT_TARGET = 15.4;
				MTL_ENABLE_DEBUG_INFO = INCLUDE_SOURCE;
				MTL_FAST_MATH = YES;
				ONLY_ACTIVE_ARCH = YES;
				SDKROOT = iphoneos;
				SWIFT_ACTIVE_COMPILATION_CONDITIONS = DEBUG;
				SWIFT_OPTIMIZATION_LEVEL = "-Onone";
			};
			name = Debug;
		};
		6A2089F32816E2AE003D54AB /* Release */ = {
			isa = XCBuildConfiguration;
			buildSettings = {
				ALWAYS_SEARCH_USER_PATHS = NO;
				CLANG_ANALYZER_NONNULL = YES;
				CLANG_ANALYZER_NUMBER_OBJECT_CONVERSION = YES_AGGRESSIVE;
				CLANG_CXX_LANGUAGE_STANDARD = "gnu++17";
				CLANG_ENABLE_MODULES = YES;
				CLANG_ENABLE_OBJC_ARC = YES;
				CLANG_ENABLE_OBJC_WEAK = YES;
				CLANG_WARN_BLOCK_CAPTURE_AUTORELEASING = YES;
				CLANG_WARN_BOOL_CONVERSION = YES;
				CLANG_WARN_COMMA = YES;
				CLANG_WARN_CONSTANT_CONVERSION = YES;
				CLANG_WARN_DEPRECATED_OBJC_IMPLEMENTATIONS = YES;
				CLANG_WARN_DIRECT_OBJC_ISA_USAGE = YES_ERROR;
				CLANG_WARN_DOCUMENTATION_COMMENTS = YES;
				CLANG_WARN_EMPTY_BODY = YES;
				CLANG_WARN_ENUM_CONVERSION = YES;
				CLANG_WARN_INFINITE_RECURSION = YES;
				CLANG_WARN_INT_CONVERSION = YES;
				CLANG_WARN_NON_LITERAL_NULL_CONVERSION = YES;
				CLANG_WARN_OBJC_IMPLICIT_RETAIN_SELF = YES;
				CLANG_WARN_OBJC_LITERAL_CONVERSION = YES;
				CLANG_WARN_OBJC_ROOT_CLASS = YES_ERROR;
				CLANG_WARN_QUOTED_INCLUDE_IN_FRAMEWORK_HEADER = YES;
				CLANG_WARN_RANGE_LOOP_ANALYSIS = YES;
				CLANG_WARN_STRICT_PROTOTYPES = YES;
				CLANG_WARN_SUSPICIOUS_MOVE = YES;
				CLANG_WARN_UNGUARDED_AVAILABILITY = YES_AGGRESSIVE;
				CLANG_WARN_UNREACHABLE_CODE = YES;
				CLANG_WARN__DUPLICATE_METHOD_MATCH = YES;
				COPY_PHASE_STRIP = NO;
				DEBUG_INFORMATION_FORMAT = "dwarf-with-dsym";
				ENABLE_NS_ASSERTIONS = NO;
				ENABLE_STRICT_OBJC_MSGSEND = YES;
				GCC_C_LANGUAGE_STANDARD = gnu11;
				GCC_NO_COMMON_BLOCKS = YES;
				GCC_WARN_64_TO_32_BIT_CONVERSION = YES;
				GCC_WARN_ABOUT_RETURN_TYPE = YES_ERROR;
				GCC_WARN_UNDECLARED_SELECTOR = YES;
				GCC_WARN_UNINITIALIZED_AUTOS = YES_AGGRESSIVE;
				GCC_WARN_UNUSED_FUNCTION = YES;
				GCC_WARN_UNUSED_VARIABLE = YES;
				IPHONEOS_DEPLOYMENT_TARGET = 15.4;
				MTL_ENABLE_DEBUG_INFO = NO;
				MTL_FAST_MATH = YES;
				SDKROOT = iphoneos;
				SWIFT_COMPILATION_MODE = wholemodule;
				SWIFT_OPTIMIZATION_LEVEL = "-O";
				VALIDATE_PRODUCT = YES;
			};
			name = Release;
		};
		6A2089F52816E2AE003D54AB /* Debug */ = {
			isa = XCBuildConfiguration;
			baseConfigurationReference = A4A35E904B3B32AA1E0F30D8 /* Pods-TMDB Challenge.debug.xcconfig */;
			buildSettings = {
				ASSETCATALOG_COMPILER_APPICON_NAME = AppIcon;
				ASSETCATALOG_COMPILER_GLOBAL_ACCENT_COLOR_NAME = AccentColor;
				CODE_SIGN_STYLE = Automatic;
				CURRENT_PROJECT_VERSION = 1;
				GENERATE_INFOPLIST_FILE = YES;
				INFOPLIST_FILE = "TMDB Challenge/Info.plist";
				INFOPLIST_KEY_UIApplicationSupportsIndirectInputEvents = YES;
				INFOPLIST_KEY_UILaunchStoryboardName = LaunchScreen;
				INFOPLIST_KEY_UISupportedInterfaceOrientations_iPad = "UIInterfaceOrientationPortrait UIInterfaceOrientationPortraitUpsideDown UIInterfaceOrientationLandscapeLeft UIInterfaceOrientationLandscapeRight";
				INFOPLIST_KEY_UISupportedInterfaceOrientations_iPhone = "UIInterfaceOrientationPortrait UIInterfaceOrientationLandscapeLeft UIInterfaceOrientationLandscapeRight";
				LD_RUNPATH_SEARCH_PATHS = (
					"$(inherited)",
					"@executable_path/Frameworks",
				);
				MARKETING_VERSION = 1.0;
				PRODUCT_BUNDLE_IDENTIFIER = "Agustin-Russo.TMDB-Challenge";
				PRODUCT_NAME = "$(TARGET_NAME)";
				SWIFT_EMIT_LOC_STRINGS = YES;
				SWIFT_VERSION = 5.0;
				TARGETED_DEVICE_FAMILY = "1,2";
			};
			name = Debug;
		};
		6A2089F62816E2AE003D54AB /* Release */ = {
			isa = XCBuildConfiguration;
			baseConfigurationReference = BE61A457C82B0E3C88A7F938 /* Pods-TMDB Challenge.release.xcconfig */;
			buildSettings = {
				ASSETCATALOG_COMPILER_APPICON_NAME = AppIcon;
				ASSETCATALOG_COMPILER_GLOBAL_ACCENT_COLOR_NAME = AccentColor;
				CODE_SIGN_STYLE = Automatic;
				CURRENT_PROJECT_VERSION = 1;
				GENERATE_INFOPLIST_FILE = YES;
				INFOPLIST_FILE = "TMDB Challenge/Info.plist";
				INFOPLIST_KEY_UIApplicationSupportsIndirectInputEvents = YES;
				INFOPLIST_KEY_UILaunchStoryboardName = LaunchScreen;
				INFOPLIST_KEY_UISupportedInterfaceOrientations_iPad = "UIInterfaceOrientationPortrait UIInterfaceOrientationPortraitUpsideDown UIInterfaceOrientationLandscapeLeft UIInterfaceOrientationLandscapeRight";
				INFOPLIST_KEY_UISupportedInterfaceOrientations_iPhone = "UIInterfaceOrientationPortrait UIInterfaceOrientationLandscapeLeft UIInterfaceOrientationLandscapeRight";
				LD_RUNPATH_SEARCH_PATHS = (
					"$(inherited)",
					"@executable_path/Frameworks",
				);
				MARKETING_VERSION = 1.0;
				PRODUCT_BUNDLE_IDENTIFIER = "Agustin-Russo.TMDB-Challenge";
				PRODUCT_NAME = "$(TARGET_NAME)";
				SWIFT_EMIT_LOC_STRINGS = YES;
				SWIFT_VERSION = 5.0;
				TARGETED_DEVICE_FAMILY = "1,2";
			};
			name = Release;
		};
/* End XCBuildConfiguration section */

/* Begin XCConfigurationList section */
		6A2089DB2816E2A9003D54AB /* Build configuration list for PBXProject "TMDB Challenge" */ = {
			isa = XCConfigurationList;
			buildConfigurations = (
				6A2089F22816E2AE003D54AB /* Debug */,
				6A2089F32816E2AE003D54AB /* Release */,
			);
			defaultConfigurationIsVisible = 0;
			defaultConfigurationName = Release;
		};
		6A2089F42816E2AE003D54AB /* Build configuration list for PBXNativeTarget "TMDB Challenge" */ = {
			isa = XCConfigurationList;
			buildConfigurations = (
				6A2089F52816E2AE003D54AB /* Debug */,
				6A2089F62816E2AE003D54AB /* Release */,
			);
			defaultConfigurationIsVisible = 0;
			defaultConfigurationName = Release;
		};
/* End XCConfigurationList section */
	};
	rootObject = 6A2089D82816E2A9003D54AB /* Project object */;
}
